
Microsoft Visual Studio Solution File, Format Version 12.00
# Visual Studio Version 17
VisualStudioVersion = 17.7.34018.315
MinimumVisualStudioVersion = 10.0.40219.1
Project("{FAE04EC0-301F-11D3-BF4B-00C04F79EFBC}") = "uppgift 2.3", "uppgift 2.3\uppgift 2.3.csproj", "{B224479E-DD65-4717-8A47-D985B8922B71}"
EndProject
Global
	GlobalSection(SolutionConfigurationPlatforms) = preSolution
		Debug|Any CPU = Debug|Any CPU
		Release|Any CPU = Release|Any CPU
	EndGlobalSection
	GlobalSection(ProjectConfigurationPlatforms) = postSolution
		{B224479E-DD65-4717-8A47-D985B8922B71}.Debug|Any CPU.ActiveCfg = Debug|Any CPU
		{B224479E-DD65-4717-8A47-D985B8922B71}.Debug|Any CPU.Build.0 = Debug|Any CPU
		{B224479E-DD65-4717-8A47-D985B8922B71}.Release|Any CPU.ActiveCfg = Release|Any CPU
		{B224479E-DD65-4717-8A47-D985B8922B71}.Release|Any CPU.Build.0 = Release|Any CPU
	EndGlobalSection
	GlobalSection(SolutionProperties) = preSolution
		HideSolutionNode = FALSE
	EndGlobalSection
	GlobalSection(ExtensibilityGlobals) = postSolution
		SolutionGuid = {082A65D8-9F94-4447-AE5A-76BFFA26FF0B}
	EndGlobalSection
EndGlobal
